// !$*UTF8*$!
{
	archiveVersion = 1;
	classes = {
	};
	objectVersion = 46;
	objects = {

/* Begin PBXBuildFile section */
		D146A40D1A4885CD00EEC3F4 /* WindowsAzureMobileServices.framework in Frameworks */ = {isa = PBXBuildFile; fileRef = D146A40C1A4885CD00EEC3F4 /* WindowsAzureMobileServices.framework */; };
		D146A4101A488A1100EEC3F4 /* LoginViewController.m in Sources */ = {isa = PBXBuildFile; fileRef = D146A40F1A488A1100EEC3F4 /* LoginViewController.m */; };
		D14F273A1A4BE007004A55DD /* RegisterViewController.m in Sources */ = {isa = PBXBuildFile; fileRef = D14F27391A4BE007004A55DD /* RegisterViewController.m */; };
		D1B9E1071A4584140077130E /* main.m in Sources */ = {isa = PBXBuildFile; fileRef = D1B9E1061A4584140077130E /* main.m */; };
		D1B9E10A1A4584140077130E /* AppDelegate.m in Sources */ = {isa = PBXBuildFile; fileRef = D1B9E1091A4584140077130E /* AppDelegate.m */; };
		D1B9E1101A4584140077130E /* Main.storyboard in Resources */ = {isa = PBXBuildFile; fileRef = D1B9E10E1A4584140077130E /* Main.storyboard */; };
		D1B9E1121A4584140077130E /* Images.xcassets in Resources */ = {isa = PBXBuildFile; fileRef = D1B9E1111A4584140077130E /* Images.xcassets */; };
		D1B9E1151A4584140077130E /* LaunchScreen.xib in Resources */ = {isa = PBXBuildFile; fileRef = D1B9E1131A4584140077130E /* LaunchScreen.xib */; };
		D1B9E1211A4584140077130E /* ShoutOut_Tests.m in Sources */ = {isa = PBXBuildFile; fileRef = D1B9E1201A4584140077130E /* ShoutOut_Tests.m */; };
/* End PBXBuildFile section */

/* Begin PBXContainerItemProxy section */
		D1B9E11B1A4584140077130E /* PBXContainerItemProxy */ = {
			isa = PBXContainerItemProxy;
			containerPortal = D1B9E0F91A4584140077130E /* Project object */;
			proxyType = 1;
			remoteGlobalIDString = D1B9E1001A4584140077130E;
			remoteInfo = "ShoutOut!";
		};
/* End PBXContainerItemProxy section */

/* Begin PBXFileReference section */
		D146A40C1A4885CD00EEC3F4 /* WindowsAzureMobileServices.framework */ = {isa = PBXFileReference; lastKnownFileType = wrapper.framework; path = WindowsAzureMobileServices.framework; sourceTree = "<group>"; };
		D146A40E1A488A1100EEC3F4 /* LoginViewController.h */ = {isa = PBXFileReference; fileEncoding = 4; lastKnownFileType = sourcecode.c.h; path = LoginViewController.h; sourceTree = "<group>"; };
		D146A40F1A488A1100EEC3F4 /* LoginViewController.m */ = {isa = PBXFileReference; fileEncoding = 4; lastKnownFileType = sourcecode.c.objc; path = LoginViewController.m; sourceTree = "<group>"; };
		D14F27381A4BE007004A55DD /* RegisterViewController.h */ = {isa = PBXFileReference; fileEncoding = 4; lastKnownFileType = sourcecode.c.h; path = RegisterViewController.h; sourceTree = "<group>"; };
		D14F27391A4BE007004A55DD /* RegisterViewController.m */ = {isa = PBXFileReference; fileEncoding = 4; lastKnownFileType = sourcecode.c.objc; path = RegisterViewController.m; sourceTree = "<group>"; };
		D1B9E1011A4584140077130E /* ShoutOut!.app */ = {isa = PBXFileReference; explicitFileType = wrapper.application; includeInIndex = 0; path = "ShoutOut!.app"; sourceTree = BUILT_PRODUCTS_DIR; };
		D1B9E1051A4584140077130E /* Info.plist */ = {isa = PBXFileReference; lastKnownFileType = text.plist.xml; path = Info.plist; sourceTree = "<group>"; };
		D1B9E1061A4584140077130E /* main.m */ = {isa = PBXFileReference; lastKnownFileType = sourcecode.c.objc; path = main.m; sourceTree = "<group>"; };
		D1B9E1081A4584140077130E /* AppDelegate.h */ = {isa = PBXFileReference; lastKnownFileType = sourcecode.c.h; path = AppDelegate.h; sourceTree = "<group>"; };
		D1B9E1091A4584140077130E /* AppDelegate.m */ = {isa = PBXFileReference; lastKnownFileType = sourcecode.c.objc; path = AppDelegate.m; sourceTree = "<group>"; };
		D1B9E10F1A4584140077130E /* Base */ = {isa = PBXFileReference; lastKnownFileType = file.storyboard; name = Base; path = Base.lproj/Main.storyboard; sourceTree = "<group>"; };
		D1B9E1111A4584140077130E /* Images.xcassets */ = {isa = PBXFileReference; lastKnownFileType = folder.assetcatalog; path = Images.xcassets; sourceTree = "<group>"; };
		D1B9E1141A4584140077130E /* Base */ = {isa = PBXFileReference; lastKnownFileType = file.xib; name = Base; path = Base.lproj/LaunchScreen.xib; sourceTree = "<group>"; };
		D1B9E11A1A4584140077130E /* ShoutOut!Tests.xctest */ = {isa = PBXFileReference; explicitFileType = wrapper.cfbundle; includeInIndex = 0; path = "ShoutOut!Tests.xctest"; sourceTree = BUILT_PRODUCTS_DIR; };
		D1B9E11F1A4584140077130E /* Info.plist */ = {isa = PBXFileReference; lastKnownFileType = text.plist.xml; path = Info.plist; sourceTree = "<group>"; };
		D1B9E1201A4584140077130E /* ShoutOut_Tests.m */ = {isa = PBXFileReference; lastKnownFileType = sourcecode.c.objc; path = ShoutOut_Tests.m; sourceTree = "<group>"; };
/* End PBXFileReference section */

/* Begin PBXFrameworksBuildPhase section */
		D1B9E0FE1A4584140077130E /* Frameworks */ = {
			isa = PBXFrameworksBuildPhase;
			buildActionMask = 2147483647;
			files = (
				D146A40D1A4885CD00EEC3F4 /* WindowsAzureMobileServices.framework in Frameworks */,
			);
			runOnlyForDeploymentPostprocessing = 0;
		};
		D1B9E1171A4584140077130E /* Frameworks */ = {
			isa = PBXFrameworksBuildPhase;
			buildActionMask = 2147483647;
			files = (
			);
			runOnlyForDeploymentPostprocessing = 0;
		};
/* End PBXFrameworksBuildPhase section */

/* Begin PBXGroup section */
		D146A40B1A4885CD00EEC3F4 /* Frameworks */ = {
			isa = PBXGroup;
			children = (
				D146A40C1A4885CD00EEC3F4 /* WindowsAzureMobileServices.framework */,
			);
			path = Frameworks;
			sourceTree = "<group>";
		};
		D1B9E0F81A4584140077130E = {
			isa = PBXGroup;
			children = (
				D1B9E1031A4584140077130E /* ShoutOut! */,
				D1B9E11D1A4584140077130E /* ShoutOut!Tests */,
				D1B9E1021A4584140077130E /* Products */,
				D146A40B1A4885CD00EEC3F4 /* Frameworks */,
			);
			sourceTree = "<group>";
		};
		D1B9E1021A4584140077130E /* Products */ = {
			isa = PBXGroup;
			children = (
				D1B9E1011A4584140077130E /* ShoutOut!.app */,
				D1B9E11A1A4584140077130E /* ShoutOut!Tests.xctest */,
			);
			name = Products;
			sourceTree = "<group>";
		};
		D1B9E1031A4584140077130E /* ShoutOut! */ = {
			isa = PBXGroup;
			children = (
				D146A40E1A488A1100EEC3F4 /* LoginViewController.h */,
				D146A40F1A488A1100EEC3F4 /* LoginViewController.m */,
				D14F27381A4BE007004A55DD /* RegisterViewController.h */,
				D14F27391A4BE007004A55DD /* RegisterViewController.m */,
				D1B9E1081A4584140077130E /* AppDelegate.h */,
				D1B9E1091A4584140077130E /* AppDelegate.m */,
				D1B9E10E1A4584140077130E /* Main.storyboard */,
				D1B9E1111A4584140077130E /* Images.xcassets */,
				D1B9E1131A4584140077130E /* LaunchScreen.xib */,
				D1B9E1041A4584140077130E /* Supporting Files */,
			);
			path = "ShoutOut!";
			sourceTree = "<group>";
		};
		D1B9E1041A4584140077130E /* Supporting Files */ = {
			isa = PBXGroup;
			children = (
				D1B9E1051A4584140077130E /* Info.plist */,
				D1B9E1061A4584140077130E /* main.m */,
			);
			name = "Supporting Files";
			sourceTree = "<group>";
		};
		D1B9E11D1A4584140077130E /* ShoutOut!Tests */ = {
			isa = PBXGroup;
			children = (
				D1B9E1201A4584140077130E /* ShoutOut_Tests.m */,
				D1B9E11E1A4584140077130E /* Supporting Files */,
			);
			path = "ShoutOut!Tests";
			sourceTree = "<group>";
		};
		D1B9E11E1A4584140077130E /* Supporting Files */ = {
			isa = PBXGroup;
			children = (
				D1B9E11F1A4584140077130E /* Info.plist */,
			);
			name = "Supporting Files";
			sourceTree = "<group>";
		};
/* End PBXGroup section */

/* Begin PBXNativeTarget section */
		D1B9E1001A4584140077130E /* ShoutOut! */ = {
			isa = PBXNativeTarget;
			buildConfigurationList = D1B9E1241A4584140077130E /* Build configuration list for PBXNativeTarget "ShoutOut!" */;
			buildPhases = (
				D1B9E0FD1A4584140077130E /* Sources */,
				D1B9E0FE1A4584140077130E /* Frameworks */,
				D1B9E0FF1A4584140077130E /* Resources */,
			);
			buildRules = (
			);
			dependencies = (
			);
			name = "ShoutOut!";
			productName = "ShoutOut!";
			productReference = D1B9E1011A4584140077130E /* ShoutOut!.app */;
			productType = "com.apple.product-type.application";
		};
		D1B9E1191A4584140077130E /* ShoutOut!Tests */ = {
			isa = PBXNativeTarget;
			buildConfigurationList = D1B9E1271A4584140077130E /* Build configuration list for PBXNativeTarget "ShoutOut!Tests" */;
			buildPhases = (
				D1B9E1161A4584140077130E /* Sources */,
				D1B9E1171A4584140077130E /* Frameworks */,
				D1B9E1181A4584140077130E /* Resources */,
			);
			buildRules = (
			);
			dependencies = (
				D1B9E11C1A4584140077130E /* PBXTargetDependency */,
			);
			name = "ShoutOut!Tests";
			productName = "ShoutOut!Tests";
			productReference = D1B9E11A1A4584140077130E /* ShoutOut!Tests.xctest */;
			productType = "com.apple.product-type.bundle.unit-test";
		};
/* End PBXNativeTarget section */

/* Begin PBXProject section */
		D1B9E0F91A4584140077130E /* Project object */ = {
			isa = PBXProject;
			attributes = {
				LastUpgradeCheck = 0610;
				ORGANIZATIONNAME = "Phatsawee Puttarakkun";
				TargetAttributes = {
					D1B9E1001A4584140077130E = {
						CreatedOnToolsVersion = 6.1.1;
					};
					D1B9E1191A4584140077130E = {
						CreatedOnToolsVersion = 6.1.1;
						TestTargetID = D1B9E1001A4584140077130E;
					};
				};
			};
			buildConfigurationList = D1B9E0FC1A4584140077130E /* Build configuration list for PBXProject "ShoutOut!" */;
			compatibilityVersion = "Xcode 3.2";
			developmentRegion = English;
			hasScannedForEncodings = 0;
			knownRegions = (
				en,
				Base,
			);
			mainGroup = D1B9E0F81A4584140077130E;
			productRefGroup = D1B9E1021A4584140077130E /* Products */;
			projectDirPath = "";
			projectRoot = "";
			targets = (
				D1B9E1001A4584140077130E /* ShoutOut! */,
				D1B9E1191A4584140077130E /* ShoutOut!Tests */,
			);
		};
/* End PBXProject section */

/* Begin PBXResourcesBuildPhase section */
		D1B9E0FF1A4584140077130E /* Resources */ = {
			isa = PBXResourcesBuildPhase;
			buildActionMask = 2147483647;
			files = (
				D1B9E1101A4584140077130E /* Main.storyboard in Resources */,
				D1B9E1151A4584140077130E /* LaunchScreen.xib in Resources */,
				D1B9E1121A4584140077130E /* Images.xcassets in Resources */,
			);
			runOnlyForDeploymentPostprocessing = 0;
		};
		D1B9E1181A4584140077130E /* Resources */ = {
			isa = PBXResourcesBuildPhase;
			buildActionMask = 2147483647;
			files = (
			);
			runOnlyForDeploymentPostprocessing = 0;
		};
/* End PBXResourcesBuildPhase section */

/* Begin PBXSourcesBuildPhase section */
		D1B9E0FD1A4584140077130E /* Sources */ = {
			isa = PBXSourcesBuildPhase;
			buildActionMask = 2147483647;
			files = (
				D1B9E10A1A4584140077130E /* AppDelegate.m in Sources */,
				D1B9E1071A4584140077130E /* main.m in Sources */,
				D146A4101A488A1100EEC3F4 /* LoginViewController.m in Sources */,
				D14F273A1A4BE007004A55DD /* RegisterViewController.m in Sources */,
			);
			runOnlyForDeploymentPostprocessing = 0;
		};
		D1B9E1161A4584140077130E /* Sources */ = {
			isa = PBXSourcesBuildPhase;
			buildActionMask = 2147483647;
			files = (
				D1B9E1211A4584140077130E /* ShoutOut_Tests.m in Sources */,
			);
			runOnlyForDeploymentPostprocessing = 0;
		};
/* End PBXSourcesBuildPhase section */

/* Begin PBXTargetDependency section */
		D1B9E11C1A4584140077130E /* PBXTargetDependency */ = {
			isa = PBXTargetDependency;
			target = D1B9E1001A4584140077130E /* ShoutOut! */;
			targetProxy = D1B9E11B1A4584140077130E /* PBXContainerItemProxy */;
		};
/* End PBXTargetDependency section */

/* Begin PBXVariantGroup section */
		D1B9E10E1A4584140077130E /* Main.storyboard */ = {
			isa = PBXVariantGroup;
			children = (
				D1B9E10F1A4584140077130E /* Base */,
			);
			name = Main.storyboard;
			sourceTree = "<group>";
		};
		D1B9E1131A4584140077130E /* LaunchScreen.xib */ = {
			isa = PBXVariantGroup;
			children = (
				D1B9E1141A4584140077130E /* Base */,
			);
			name = LaunchScreen.xib;
			sourceTree = "<group>";
		};
/* End PBXVariantGroup section */

/* Begin XCBuildConfiguration section */
		D1B9E1221A4584140077130E /* Debug */ = {
			isa = XCBuildConfiguration;
			buildSettings = {
				ALWAYS_SEARCH_USER_PATHS = NO;
				CLANG_CXX_LANGUAGE_STANDARD = "gnu++0x";
				CLANG_CXX_LIBRARY = "libc++";
				CLANG_ENABLE_MODULES = YES;
				CLANG_ENABLE_OBJC_ARC = YES;
				CLANG_WARN_BOOL_CONVERSION = YES;
				CLANG_WARN_CONSTANT_CONVERSION = YES;
				CLANG_WARN_DIRECT_OBJC_ISA_USAGE = YES_ERROR;
				CLANG_WARN_EMPTY_BODY = YES;
				CLANG_WARN_ENUM_CONVERSION = YES;
				CLANG_WARN_INT_CONVERSION = YES;
				CLANG_WARN_OBJC_ROOT_CLASS = YES_ERROR;
				CLANG_WARN_UNREACHABLE_CODE = YES;
				CLANG_WARN__DUPLICATE_METHOD_MATCH = YES;
				"CODE_SIGN_IDENTITY[sdk=iphoneos*]" = "iPhone Developer";
				COPY_PHASE_STRIP = NO;
				ENABLE_STRICT_OBJC_MSGSEND = YES;
				GCC_C_LANGUAGE_STANDARD = gnu99;
				GCC_DYNAMIC_NO_PIC = NO;
				GCC_OPTIMIZATION_LEVEL = 0;
				GCC_PREPROCESSOR_DEFINITIONS = (
					"DEBUG=1",
					"$(inherited)",
				);
				GCC_SYMBOLS_PRIVATE_EXTERN = NO;
				GCC_WARN_64_TO_32_BIT_CONVERSION = YES;
				GCC_WARN_ABOUT_RETURN_TYPE = YES_ERROR;
				GCC_WARN_UNDECLARED_SELECTOR = YES;
				GCC_WARN_UNINITIALIZED_AUTOS = YES_AGGRESSIVE;
				GCC_WARN_UNUSED_FUNCTION = YES;
				GCC_WARN_UNUSED_VARIABLE = YES;
				IPHONEOS_DEPLOYMENT_TARGET = 8.1;
				MTL_ENABLE_DEBUG_INFO = YES;
				ONLY_ACTIVE_ARCH = YES;
				SDKROOT = iphoneos;
			};
			name = Debug;
		};
		D1B9E1231A4584140077130E /* Release */ = {
			isa = XCBuildConfiguration;
			buildSettings = {
				ALWAYS_SEARCH_USER_PATHS = NO;
				CLANG_CXX_LANGUAGE_STANDARD = "gnu++0x";
				CLANG_CXX_LIBRARY = "libc++";
				CLANG_ENABLE_MODULES = YES;
				CLANG_ENABLE_OBJC_ARC = YES;
				CLANG_WARN_BOOL_CONVERSION = YES;
				CLANG_WARN_CONSTANT_CONVERSION = YES;
				CLANG_WARN_DIRECT_OBJC_ISA_USAGE = YES_ERROR;
				CLANG_WARN_EMPTY_BODY = YES;
				CLANG_WARN_ENUM_CONVERSION = YES;
				CLANG_WARN_INT_CONVERSION = YES;
				CLANG_WARN_OBJC_ROOT_CLASS = YES_ERROR;
				CLANG_WARN_UNREACHABLE_CODE = YES;
				CLANG_WARN__DUPLICATE_METHOD_MATCH = YES;
				"CODE_SIGN_IDENTITY[sdk=iphoneos*]" = "iPhone Developer";
				COPY_PHASE_STRIP = YES;
				ENABLE_NS_ASSERTIONS = NO;
				ENABLE_STRICT_OBJC_MSGSEND = YES;
				GCC_C_LANGUAGE_STANDARD = gnu99;
				GCC_WARN_64_TO_32_BIT_CONVERSION = YES;
				GCC_WARN_ABOUT_RETURN_TYPE = YES_ERROR;
				GCC_WARN_UNDECLARED_SELECTOR = YES;
				GCC_WARN_UNINITIALIZED_AUTOS = YES_AGGRESSIVE;
				GCC_WARN_UNUSED_FUNCTION = YES;
				GCC_WARN_UNUSED_VARIABLE = YES;
				IPHONEOS_DEPLOYMENT_TARGET = 8.1;
				MTL_ENABLE_DEBUG_INFO = NO;
				SDKROOT = iphoneos;
				VALIDATE_PRODUCT = YES;
			};
			name = Release;
		};
		D1B9E1251A4584140077130E /* Debug */ = {
			isa = XCBuildConfiguration;
			buildSettings = {
				ASSETCATALOG_COMPILER_APPICON_NAME = AppIcon;
				FRAMEWORK_SEARCH_PATHS = (
					"$(inherited)",
					"$(PROJECT_DIR)",
					"$(PROJECT_DIR)/Frameworks",
				);
				INFOPLIST_FILE = "ShoutOut!/Info.plist";
				LD_RUNPATH_SEARCH_PATHS = "$(inherited) @executable_path/Frameworks";
				PRODUCT_NAME = "$(TARGET_NAME)";
			};
			name = Debug;
		};
		D1B9E1261A4584140077130E /* Release */ = {
			isa = XCBuildConfiguration;
			buildSettings = {
				ASSETCATALOG_COMPILER_APPICON_NAME = AppIcon;
				FRAMEWORK_SEARCH_PATHS = (
					"$(inherited)",
					"$(PROJECT_DIR)",
					"$(PROJECT_DIR)/Frameworks",
				);
				INFOPLIST_FILE = "ShoutOut!/Info.plist";
				LD_RUNPATH_SEARCH_PATHS = "$(inherited) @executable_path/Frameworks";
				PRODUCT_NAME = "$(TARGET_NAME)";
			};
			name = Release;
		};
		D1B9E1281A4584140077130E /* Debug */ = {
			isa = XCBuildConfiguration;
			buildSettings = {
				BUNDLE_LOADER = "$(TEST_HOST)";
				FRAMEWORK_SEARCH_PATHS = (
					"$(SDKROOT)/Developer/Library/Frameworks",
					"$(inherited)",
				);
				GCC_PREPROCESSOR_DEFINITIONS = (
					"DEBUG=1",
					"$(inherited)",
				);
				INFOPLIST_FILE = "ShoutOut!Tests/Info.plist";
				LD_RUNPATH_SEARCH_PATHS = "$(inherited) @executable_path/Frameworks @loader_path/Frameworks";
				PRODUCT_NAME = "$(TARGET_NAME)";
				TEST_HOST = "$(BUILT_PRODUCTS_DIR)/ShoutOut!.app/ShoutOut!";
			};
			name = Debug;
		};
		D1B9E1291A4584140077130E /* Release */ = {
			isa = XCBuildConfiguration;
			buildSettings = {
				BUNDLE_LOADER = "$(TEST_HOST)";
				FRAMEWORK_SEARCH_PATHS = (
					"$(SDKROOT)/Developer/Library/Frameworks",
					"$(inherited)",
				);
				INFOPLIST_FILE = "ShoutOut!Tests/Info.plist";
				LD_RUNPATH_SEARCH_PATHS = "$(inherited) @executable_path/Frameworks @loader_path/Frameworks";
				PRODUCT_NAME = "$(TARGET_NAME)";
				TEST_HOST = "$(BUILT_PRODUCTS_DIR)/ShoutOut!.app/ShoutOut!";
			};
			name = Release;
		};
/* End XCBuildConfiguration section */

/* Begin XCConfigurationList section */
		D1B9E0FC1A4584140077130E /* Build configuration list for PBXProject "ShoutOut!" */ = {
			isa = XCConfigurationList;
			buildConfigurations = (
				D1B9E1221A4584140077130E /* Debug */,
				D1B9E1231A4584140077130E /* Release */,
			);
			defaultConfigurationIsVisible = 0;
			defaultConfigurationName = Release;
		};
		D1B9E1241A4584140077130E /* Build configuration list for PBXNativeTarget "ShoutOut!" */ = {
			isa = XCConfigurationList;
			buildConfigurations = (
				D1B9E1251A4584140077130E /* Debug */,
				D1B9E1261A4584140077130E /* Release */,
			);
			defaultConfigurationIsVisible = 0;
			defaultConfigurationName = Release;
		};
		D1B9E1271A4584140077130E /* Build configuration list for PBXNativeTarget "ShoutOut!Tests" */ = {
			isa = XCConfigurationList;
			buildConfigurations = (
				D1B9E1281A4584140077130E /* Debug */,
				D1B9E1291A4584140077130E /* Release */,
			);
			defaultConfigurationIsVisible = 0;
			defaultConfigurationName = Release;
		};
/* End XCConfigurationList section */
	};
	rootObject = D1B9E0F91A4584140077130E /* Project object */;
}
